
Microsoft Visual Studio Solution File, Format Version 12.00
# Visual Studio Version 16
VisualStudioVersion = 16.0.30330.147
MinimumVisualStudioVersion = 10.0.40219.1
Project("{FAE04EC0-301F-11D3-BF4B-00C04F79EFBC}") = "WpfApp2", "WpfApp2\WpfApp2.csproj", "{71ECD80D-553A-434D-846F-CADBE69B4A62}"
EndProject
Global
	GlobalSection(SolutionConfigurationPlatforms) = preSolution
		Debug|Any CPU = Debug|Any CPU
		Release|Any CPU = Release|Any CPU
	EndGlobalSection
	GlobalSection(ProjectConfigurationPlatforms) = postSolution
		{71ECD80D-553A-434D-846F-CADBE69B4A62}.Debug|Any CPU.ActiveCfg = Debug|Any CPU
		{71ECD80D-553A-434D-846F-CADBE69B4A62}.Debug|Any CPU.Build.0 = Debug|Any CPU
		{71ECD80D-553A-434D-846F-CADBE69B4A62}.Release|Any CPU.ActiveCfg = Release|Any CPU
		{71ECD80D-553A-434D-846F-CADBE69B4A62}.Release|Any CPU.Build.0 = Release|Any CPU
	EndGlobalSection
	GlobalSection(SolutionProperties) = preSolution
		HideSolutionNode = FALSE
	EndGlobalSection
	GlobalSection(ExtensibilityGlobals) = postSolution
		SolutionGuid = {C27EDD17-A850-4253-BE67-C1023592DC27}
	EndGlobalSection
EndGlobal
